
Microsoft Visual Studio Solution File, Format Version 12.00
# Visual Studio Version 16
VisualStudioVersion = 16.0.32929.386
MinimumVisualStudioVersion = 10.0.40219.1
Project("{FAE04EC0-301F-11D3-BF4B-00C04F79EFBC}") = "TransparentTest", "TransparentTest\TransparentTest.csproj", "{1E11E2FA-FB71-4900-B985-8FF465ECB7BD}"
EndProject
Global
	GlobalSection(SolutionConfigurationPlatforms) = preSolution
		Debug|Any CPU = Debug|Any CPU
		Release|Any CPU = Release|Any CPU
	EndGlobalSection
	GlobalSection(ProjectConfigurationPlatforms) = postSolution
		{1E11E2FA-FB71-4900-B985-8FF465ECB7BD}.Debug|Any CPU.ActiveCfg = Debug|Any CPU
		{1E11E2FA-FB71-4900-B985-8FF465ECB7BD}.Debug|Any CPU.Build.0 = Debug|Any CPU
		{1E11E2FA-FB71-4900-B985-8FF465ECB7BD}.Release|Any CPU.ActiveCfg = Release|Any CPU
		{1E11E2FA-FB71-4900-B985-8FF465ECB7BD}.Release|Any CPU.Build.0 = Release|Any CPU
	EndGlobalSection
	GlobalSection(SolutionProperties) = preSolution
		HideSolutionNode = FALSE
	EndGlobalSection
	GlobalSection(ExtensibilityGlobals) = postSolution
		SolutionGuid = {646EC872-BCDA-4CE6-AF44-3698DE4A9C34}
	EndGlobalSection
EndGlobal
